// !$*UTF8*$!
{
	archiveVersion = 1;
	classes = {
	};
	objectVersion = 50;
	objects = {

/* Begin PBXBuildFile section */
		4D202D9225A38A9800D1D97F /* CaveatBrush-Regular.ttf in Resources */ = {isa = PBXBuildFile; fileRef = 4D202D9125A38A9800D1D97F /* CaveatBrush-Regular.ttf */; };
		4D202D9325A38A9800D1D97F /* CaveatBrush-Regular.ttf in Resources */ = {isa = PBXBuildFile; fileRef = 4D202D9125A38A9800D1D97F /* CaveatBrush-Regular.ttf */; };
		4DF503E525A321130094BE7A /* Todo.xcdatamodeld in Sources */ = {isa = PBXBuildFile; fileRef = 4DF503CF25A321100094BE7A /* Todo.xcdatamodeld */; };
		4DF503E725A321130094BE7A /* TodoApp.swift in Sources */ = {isa = PBXBuildFile; fileRef = 4DF503D125A321100094BE7A /* TodoApp.swift */; };
		4DF503E825A321130094BE7A /* TodoApp.swift in Sources */ = {isa = PBXBuildFile; fileRef = 4DF503D125A321100094BE7A /* TodoApp.swift */; };
		4DF503E925A321130094BE7A /* ContentView.swift in Sources */ = {isa = PBXBuildFile; fileRef = 4DF503D225A321100094BE7A /* ContentView.swift */; };
		4DF503EA25A321130094BE7A /* ContentView.swift in Sources */ = {isa = PBXBuildFile; fileRef = 4DF503D225A321100094BE7A /* ContentView.swift */; };
		4DF503EB25A321130094BE7A /* Persistence.swift in Sources */ = {isa = PBXBuildFile; fileRef = 4DF503D325A321100094BE7A /* Persistence.swift */; };
		4DF503EC25A321130094BE7A /* Persistence.swift in Sources */ = {isa = PBXBuildFile; fileRef = 4DF503D325A321100094BE7A /* Persistence.swift */; };
		4DF503ED25A321130094BE7A /* Assets.xcassets in Resources */ = {isa = PBXBuildFile; fileRef = 4DF503D425A321130094BE7A /* Assets.xcassets */; };
		4DF503EE25A321130094BE7A /* Assets.xcassets in Resources */ = {isa = PBXBuildFile; fileRef = 4DF503D425A321130094BE7A /* Assets.xcassets */; };
		4DF503FB25A3214D0094BE7A /* AddTodoView.swift in Sources */ = {isa = PBXBuildFile; fileRef = 4DF503FA25A3214D0094BE7A /* AddTodoView.swift */; };
		4DF503FC25A3214D0094BE7A /* AddTodoView.swift in Sources */ = {isa = PBXBuildFile; fileRef = 4DF503FA25A3214D0094BE7A /* AddTodoView.swift */; };
		4DF5040325A328AD0094BE7A /* Todo.xcdatamodeld in Sources */ = {isa = PBXBuildFile; fileRef = 4DF503CF25A321100094BE7A /* Todo.xcdatamodeld */; };
/* End PBXBuildFile section */

/* Begin PBXFileReference section */
		4D202D9125A38A9800D1D97F /* CaveatBrush-Regular.ttf */ = {isa = PBXFileReference; lastKnownFileType = file; path = "CaveatBrush-Regular.ttf"; sourceTree = "<group>"; };
		4D61A87925BBE86E00A238FC /* Todo.entitlements */ = {isa = PBXFileReference; lastKnownFileType = text.plist.entitlements; path = Todo.entitlements; sourceTree = "<group>"; };
		4DF503D025A321100094BE7A /* Shared.xcdatamodel */ = {isa = PBXFileReference; lastKnownFileType = wrapper.xcdatamodel; path = Shared.xcdatamodel; sourceTree = "<group>"; };
		4DF503D125A321100094BE7A /* TodoApp.swift */ = {isa = PBXFileReference; lastKnownFileType = sourcecode.swift; path = TodoApp.swift; sourceTree = "<group>"; };
		4DF503D225A321100094BE7A /* ContentView.swift */ = {isa = PBXFileReference; lastKnownFileType = sourcecode.swift; path = ContentView.swift; sourceTree = "<group>"; };
		4DF503D325A321100094BE7A /* Persistence.swift */ = {isa = PBXFileReference; lastKnownFileType = sourcecode.swift; path = Persistence.swift; sourceTree = "<group>"; };
		4DF503D425A321130094BE7A /* Assets.xcassets */ = {isa = PBXFileReference; lastKnownFileType = folder.assetcatalog; path = Assets.xcassets; sourceTree = "<group>"; };
		4DF503D925A321130094BE7A /* Todo.app */ = {isa = PBXFileReference; explicitFileType = wrapper.application; includeInIndex = 0; path = Todo.app; sourceTree = BUILT_PRODUCTS_DIR; };
		4DF503DC25A321130094BE7A /* Info.plist */ = {isa = PBXFileReference; lastKnownFileType = text.plist.xml; path = Info.plist; sourceTree = "<group>"; };
		4DF503E125A321130094BE7A /* Todo.app */ = {isa = PBXFileReference; explicitFileType = wrapper.application; includeInIndex = 0; path = Todo.app; sourceTree = BUILT_PRODUCTS_DIR; };
		4DF503E325A321130094BE7A /* Info.plist */ = {isa = PBXFileReference; lastKnownFileType = text.plist.xml; path = Info.plist; sourceTree = "<group>"; };
		4DF503E425A321130094BE7A /* macOS.entitlements */ = {isa = PBXFileReference; lastKnownFileType = text.plist.entitlements; path = macOS.entitlements; sourceTree = "<group>"; };
		4DF503FA25A3214D0094BE7A /* AddTodoView.swift */ = {isa = PBXFileReference; lastKnownFileType = sourcecode.swift; path = AddTodoView.swift; sourceTree = "<group>"; };
/* End PBXFileReference section */

/* Begin PBXFrameworksBuildPhase section */
		4DF503D625A321130094BE7A /* Frameworks */ = {
			isa = PBXFrameworksBuildPhase;
			buildActionMask = 2147483647;
			files = (
			);
			runOnlyForDeploymentPostprocessing = 0;
		};
		4DF503DE25A321130094BE7A /* Frameworks */ = {
			isa = PBXFrameworksBuildPhase;
			buildActionMask = 2147483647;
			files = (
			);
			runOnlyForDeploymentPostprocessing = 0;
		};
/* End PBXFrameworksBuildPhase section */

/* Begin PBXGroup section */
		4D202D9625A38BEA00D1D97F /* Fonts */ = {
			isa = PBXGroup;
			children = (
				4D202D9125A38A9800D1D97F /* CaveatBrush-Regular.ttf */,
			);
			path = Fonts;
			sourceTree = "<group>";
		};
		4DF503C925A321100094BE7A = {
			isa = PBXGroup;
			children = (
				4D61A87925BBE86E00A238FC /* Todo.entitlements */,
				4DF503CE25A321100094BE7A /* Shared */,
				4DF503DB25A321130094BE7A /* iOS */,
				4DF503E225A321130094BE7A /* macOS */,
				4DF503DA25A321130094BE7A /* Products */,
			);
			sourceTree = "<group>";
		};
		4DF503CE25A321100094BE7A /* Shared */ = {
			isa = PBXGroup;
			children = (
				4D202D9625A38BEA00D1D97F /* Fonts */,
				4DF503D125A321100094BE7A /* TodoApp.swift */,
				4DF503F925A3213C0094BE7A /* View */,
				4DF503D325A321100094BE7A /* Persistence.swift */,
				4DF503D425A321130094BE7A /* Assets.xcassets */,
				4DF503CF25A321100094BE7A /* Todo.xcdatamodeld */,
			);
			path = Shared;
			sourceTree = "<group>";
		};
		4DF503DA25A321130094BE7A /* Products */ = {
			isa = PBXGroup;
			children = (
				4DF503D925A321130094BE7A /* Todo.app */,
				4DF503E125A321130094BE7A /* Todo.app */,
			);
			name = Products;
			sourceTree = "<group>";
		};
		4DF503DB25A321130094BE7A /* iOS */ = {
			isa = PBXGroup;
			children = (
				4DF503DC25A321130094BE7A /* Info.plist */,
			);
			path = iOS;
			sourceTree = "<group>";
		};
		4DF503E225A321130094BE7A /* macOS */ = {
			isa = PBXGroup;
			children = (
				4DF503E325A321130094BE7A /* Info.plist */,
				4DF503E425A321130094BE7A /* macOS.entitlements */,
			);
			path = macOS;
			sourceTree = "<group>";
		};
		4DF503F925A3213C0094BE7A /* View */ = {
			isa = PBXGroup;
			children = (
				4DF503FA25A3214D0094BE7A /* AddTodoView.swift */,
				4DF503D225A321100094BE7A /* ContentView.swift */,
			);
			path = View;
			sourceTree = "<group>";
		};
/* End PBXGroup section */

/* Begin PBXNativeTarget section */
		4DF503D825A321130094BE7A /* Todo (iOS) */ = {
			isa = PBXNativeTarget;
			buildConfigurationList = 4DF503F125A321130094BE7A /* Build configuration list for PBXNativeTarget "Todo (iOS)" */;
			buildPhases = (
				4DF503D525A321130094BE7A /* Sources */,
				4DF503D625A321130094BE7A /* Frameworks */,
				4DF503D725A321130094BE7A /* Resources */,
			);
			buildRules = (
			);
			dependencies = (
			);
			name = "Todo (iOS)";
			productName = "Todo (iOS)";
			productReference = 4DF503D925A321130094BE7A /* Todo.app */;
			productType = "com.apple.product-type.application";
		};
		4DF503E025A321130094BE7A /* Todo (macOS) */ = {
			isa = PBXNativeTarget;
			buildConfigurationList = 4DF503F425A321130094BE7A /* Build configuration list for PBXNativeTarget "Todo (macOS)" */;
			buildPhases = (
				4DF503DD25A321130094BE7A /* Sources */,
				4DF503DE25A321130094BE7A /* Frameworks */,
				4DF503DF25A321130094BE7A /* Resources */,
			);
			buildRules = (
			);
			dependencies = (
			);
			name = "Todo (macOS)";
			productName = "Todo (macOS)";
			productReference = 4DF503E125A321130094BE7A /* Todo.app */;
			productType = "com.apple.product-type.application";
		};
/* End PBXNativeTarget section */

/* Begin PBXProject section */
		4DF503CA25A321100094BE7A /* Project object */ = {
			isa = PBXProject;
			attributes = {
				LastSwiftUpdateCheck = 1230;
				LastUpgradeCheck = 1230;
				TargetAttributes = {
					4DF503D825A321130094BE7A = {
						CreatedOnToolsVersion = 12.3;
					};
					4DF503E025A321130094BE7A = {
						CreatedOnToolsVersion = 12.3;
					};
				};
			};
			buildConfigurationList = 4DF503CD25A321100094BE7A /* Build configuration list for PBXProject "Todo" */;
			compatibilityVersion = "Xcode 9.3";
			developmentRegion = en;
			hasScannedForEncodings = 0;
			knownRegions = (
				en,
				Base,
			);
			mainGroup = 4DF503C925A321100094BE7A;
			productRefGroup = 4DF503DA25A321130094BE7A /* Products */;
			projectDirPath = "";
			projectRoot = "";
			targets = (
				4DF503D825A321130094BE7A /* Todo (iOS) */,
				4DF503E025A321130094BE7A /* Todo (macOS) */,
			);
		};
/* End PBXProject section */

/* Begin PBXResourcesBuildPhase section */
		4DF503D725A321130094BE7A /* Resources */ = {
			isa = PBXResourcesBuildPhase;
			buildActionMask = 2147483647;
			files = (
				4D202D9225A38A9800D1D97F /* CaveatBrush-Regular.ttf in Resources */,
				4DF503ED25A321130094BE7A /* Assets.xcassets in Resources */,
			);
			runOnlyForDeploymentPostprocessing = 0;
		};
		4DF503DF25A321130094BE7A /* Resources */ = {
			isa = PBXResourcesBuildPhase;
			buildActionMask = 2147483647;
			files = (
				4D202D9325A38A9800D1D97F /* CaveatBrush-Regular.ttf in Resources */,
				4DF503EE25A321130094BE7A /* Assets.xcassets in Resources */,
			);
			runOnlyForDeploymentPostprocessing = 0;
		};
/* End PBXResourcesBuildPhase section */

/* Begin PBXSourcesBuildPhase section */
		4DF503D525A321130094BE7A /* Sources */ = {
			isa = PBXSourcesBuildPhase;
			buildActionMask = 2147483647;
			files = (
				4DF503E525A321130094BE7A /* Todo.xcdatamodeld in Sources */,
				4DF503EB25A321130094BE7A /* Persistence.swift in Sources */,
				4DF503E725A321130094BE7A /* TodoApp.swift in Sources */,
				4DF503E925A321130094BE7A /* ContentView.swift in Sources */,
				4DF503FB25A3214D0094BE7A /* AddTodoView.swift in Sources */,
			);
			runOnlyForDeploymentPostprocessing = 0;
		};
		4DF503DD25A321130094BE7A /* Sources */ = {
			isa = PBXSourcesBuildPhase;
			buildActionMask = 2147483647;
			files = (
				4DF503EC25A321130094BE7A /* Persistence.swift in Sources */,
				4DF5040325A328AD0094BE7A /* Todo.xcdatamodeld in Sources */,
				4DF503E825A321130094BE7A /* TodoApp.swift in Sources */,
				4DF503EA25A321130094BE7A /* ContentView.swift in Sources */,
				4DF503FC25A3214D0094BE7A /* AddTodoView.swift in Sources */,
			);
			runOnlyForDeploymentPostprocessing = 0;
		};
/* End PBXSourcesBuildPhase section */

/* Begin XCBuildConfiguration section */
		4DF503EF25A321130094BE7A /* Debug */ = {
			isa = XCBuildConfiguration;
			buildSettings = {
				ALWAYS_SEARCH_USER_PATHS = NO;
				CLANG_ANALYZER_NONNULL = YES;
				CLANG_ANALYZER_NUMBER_OBJECT_CONVERSION = YES_AGGRESSIVE;
				CLANG_CXX_LANGUAGE_STANDARD = "gnu++14";
				CLANG_CXX_LIBRARY = "libc++";
				CLANG_ENABLE_MODULES = YES;
				CLANG_ENABLE_OBJC_ARC = YES;
				CLANG_ENABLE_OBJC_WEAK = YES;
				CLANG_WARN_BLOCK_CAPTURE_AUTORELEASING = YES;
				CLANG_WARN_BOOL_CONVERSION = YES;
				CLANG_WARN_COMMA = YES;
				CLANG_WARN_CONSTANT_CONVERSION = YES;
				CLANG_WARN_DEPRECATED_OBJC_IMPLEMENTATIONS = YES;
				CLANG_WARN_DIRECT_OBJC_ISA_USAGE = YES_ERROR;
				CLANG_WARN_DOCUMENTATION_COMMENTS = YES;
				CLANG_WARN_EMPTY_BODY = YES;
				CLANG_WARN_ENUM_CONVERSION = YES;
				CLANG_WARN_INFINITE_RECURSION = YES;
				CLANG_WARN_INT_CONVERSION = YES;
				CLANG_WARN_NON_LITERAL_NULL_CONVERSION = YES;
				CLANG_WARN_OBJC_IMPLICIT_RETAIN_SELF = YES;
				CLANG_WARN_OBJC_LITERAL_CONVERSION = YES;
				CLANG_WARN_OBJC_ROOT_CLASS = YES_ERROR;
				CLANG_WARN_QUOTED_INCLUDE_IN_FRAMEWORK_HEADER = YES;
				CLANG_WARN_RANGE_LOOP_ANALYSIS = YES;
				CLANG_WARN_STRICT_PROTOTYPES = YES;
				CLANG_WARN_SUSPICIOUS_MOVE = YES;
				CLANG_WARN_UNGUARDED_AVAILABILITY = YES_AGGRESSIVE;
				CLANG_WARN_UNREACHABLE_CODE = YES;
				CLANG_WARN__DUPLICATE_METHOD_MATCH = YES;
				COPY_PHASE_STRIP = NO;
				DEBUG_INFORMATION_FORMAT = dwarf;
				ENABLE_STRICT_OBJC_MSGSEND = YES;
				ENABLE_TESTABILITY = YES;
				GCC_C_LANGUAGE_STANDARD = gnu11;
				GCC_DYNAMIC_NO_PIC = NO;
				GCC_NO_COMMON_BLOCKS = YES;
				GCC_OPTIMIZATION_LEVEL = 0;
				GCC_PREPROCESSOR_DEFINITIONS = (
					"DEBUG=1",
					"$(inherited)",
				);
				GCC_WARN_64_TO_32_BIT_CONVERSION = YES;
				GCC_WARN_ABOUT_RETURN_TYPE = YES_ERROR;
				GCC_WARN_UNDECLARED_SELECTOR = YES;
				GCC_WARN_UNINITIALIZED_AUTOS = YES_AGGRESSIVE;
				GCC_WARN_UNUSED_FUNCTION = YES;
				GCC_WARN_UNUSED_VARIABLE = YES;
				IPHONEOS_DEPLOYMENT_TARGET = 14.0;
				MACOSX_DEPLOYMENT_TARGET = 11.0;
				MTL_ENABLE_DEBUG_INFO = INCLUDE_SOURCE;
				MTL_FAST_MATH = YES;
				ONLY_ACTIVE_ARCH = YES;
				SWIFT_ACTIVE_COMPILATION_CONDITIONS = DEBUG;
				SWIFT_OPTIMIZATION_LEVEL = "-Onone";
			};
			name = Debug;
		};
		4DF503F025A321130094BE7A /* Release */ = {
			isa = XCBuildConfiguration;
			buildSettings = {
				ALWAYS_SEARCH_USER_PATHS = NO;
				CLANG_ANALYZER_NONNULL = YES;
				CLANG_ANALYZER_NUMBER_OBJECT_CONVERSION = YES_AGGRESSIVE;
				CLANG_CXX_LANGUAGE_STANDARD = "gnu++14";
				CLANG_CXX_LIBRARY = "libc++";
				CLANG_ENABLE_MODULES = YES;
				CLANG_ENABLE_OBJC_ARC = YES;
				CLANG_ENABLE_OBJC_WEAK = YES;
				CLANG_WARN_BLOCK_CAPTURE_AUTORELEASING = YES;
				CLANG_WARN_BOOL_CONVERSION = YES;
				CLANG_WARN_COMMA = YES;
				CLANG_WARN_CONSTANT_CONVERSION = YES;
				CLANG_WARN_DEPRECATED_OBJC_IMPLEMENTATIONS = YES;
				CLANG_WARN_DIRECT_OBJC_ISA_USAGE = YES_ERROR;
				CLANG_WARN_DOCUMENTATION_COMMENTS = YES;
				CLANG_WARN_EMPTY_BODY = YES;
				CLANG_WARN_ENUM_CONVERSION = YES;
				CLANG_WARN_INFINITE_RECURSION = YES;
				CLANG_WARN_INT_CONVERSION = YES;
				CLANG_WARN_NON_LITERAL_NULL_CONVERSION = YES;
				CLANG_WARN_OBJC_IMPLICIT_RETAIN_SELF = YES;
				CLANG_WARN_OBJC_LITERAL_CONVERSION = YES;
				CLANG_WARN_OBJC_ROOT_CLASS = YES_ERROR;
				CLANG_WARN_QUOTED_INCLUDE_IN_FRAMEWORK_HEADER = YES;
				CLANG_WARN_RANGE_LOOP_ANALYSIS = YES;
				CLANG_WARN_STRICT_PROTOTYPES = YES;
				CLANG_WARN_SUSPICIOUS_MOVE = YES;
				CLANG_WARN_UNGUARDED_AVAILABILITY = YES_AGGRESSIVE;
				CLANG_WARN_UNREACHABLE_CODE = YES;
				CLANG_WARN__DUPLICATE_METHOD_MATCH = YES;
				COPY_PHASE_STRIP = NO;
				DEBUG_INFORMATION_FORMAT = "dwarf-with-dsym";
				ENABLE_NS_ASSERTIONS = NO;
				ENABLE_STRICT_OBJC_MSGSEND = YES;
				GCC_C_LANGUAGE_STANDARD = gnu11;
				GCC_NO_COMMON_BLOCKS = YES;
				GCC_WARN_64_TO_32_BIT_CONVERSION = YES;
				GCC_WARN_ABOUT_RETURN_TYPE = YES_ERROR;
				GCC_WARN_UNDECLARED_SELECTOR = YES;
				GCC_WARN_UNINITIALIZED_AUTOS = YES_AGGRESSIVE;
				GCC_WARN_UNUSED_FUNCTION = YES;
				GCC_WARN_UNUSED_VARIABLE = YES;
				IPHONEOS_DEPLOYMENT_TARGET = 14.0;
				MACOSX_DEPLOYMENT_TARGET = 11.0;
				MTL_ENABLE_DEBUG_INFO = NO;
				MTL_FAST_MATH = YES;
				SWIFT_COMPILATION_MODE = wholemodule;
				SWIFT_OPTIMIZATION_LEVEL = "-O";
			};
			name = Release;
		};
		4DF503F225A321130094BE7A /* Debug */ = {
			isa = XCBuildConfiguration;
			buildSettings = {
				ASSETCATALOG_COMPILER_APPICON_NAME = AppIcon;
				ASSETCATALOG_COMPILER_GLOBAL_ACCENT_COLOR_NAME = AccentColor;
				CODE_SIGN_ENTITLEMENTS = Todo.entitlements;
				CODE_SIGN_STYLE = Automatic;
				DEVELOPMENT_TEAM = 3YQZ2TJCPG;
				ENABLE_PREVIEWS = YES;
				INFOPLIST_FILE = iOS/Info.plist;
				IPHONEOS_DEPLOYMENT_TARGET = 14.0;
				LD_RUNPATH_SEARCH_PATHS = (
					"$(inherited)",
					"@executable_path/Frameworks",
				);
				PRODUCT_BUNDLE_IDENTIFIER = com.piyushh.Todo;
				PRODUCT_NAME = Todo;
				SDKROOT = iphoneos;
				SUPPORTS_MACCATALYST = NO;
				SWIFT_VERSION = 5.0;
				TARGETED_DEVICE_FAMILY = 1;
			};
			name = Debug;
		};
		4DF503F325A321130094BE7A /* Release */ = {
			isa = XCBuildConfiguration;
			buildSettings = {
				ASSETCATALOG_COMPILER_APPICON_NAME = AppIcon;
				ASSETCATALOG_COMPILER_GLOBAL_ACCENT_COLOR_NAME = AccentColor;
				CODE_SIGN_ENTITLEMENTS = Todo.entitlements;
				CODE_SIGN_STYLE = Automatic;
				DEVELOPMENT_TEAM = 3YQZ2TJCPG;
				ENABLE_PREVIEWS = YES;
				INFOPLIST_FILE = iOS/Info.plist;
				IPHONEOS_DEPLOYMENT_TARGET = 14.0;
				LD_RUNPATH_SEARCH_PATHS = (
					"$(inherited)",
					"@executable_path/Frameworks",
				);
				PRODUCT_BUNDLE_IDENTIFIER = com.piyushh.Todo;
				PRODUCT_NAME = Todo;
				SDKROOT = iphoneos;
				SUPPORTS_MACCATALYST = NO;
				SWIFT_VERSION = 5.0;
				TARGETED_DEVICE_FAMILY = 1;
				VALIDATE_PRODUCT = YES;
			};
			name = Release;
		};
		4DF503F525A321130094BE7A /* Debug */ = {
			isa = XCBuildConfiguration;
			buildSettings = {
				ASSETCATALOG_COMPILER_APPICON_NAME = AppIcon;
				ASSETCATALOG_COMPILER_GLOBAL_ACCENT_COLOR_NAME = AccentColor;
				CODE_SIGN_ENTITLEMENTS = macOS/macOS.entitlements;
				CODE_SIGN_STYLE = Automatic;
				COMBINE_HIDPI_IMAGES = YES;
				DEVELOPMENT_TEAM = 3YQZ2TJCPG;
				ENABLE_HARDENED_RUNTIME = YES;
				ENABLE_PREVIEWS = YES;
				INFOPLIST_FILE = macOS/Info.plist;
				LD_RUNPATH_SEARCH_PATHS = (
					"$(inherited)",
					"@executable_path/../Frameworks",
				);
				MACOSX_DEPLOYMENT_TARGET = 11.0;
				PRODUCT_BUNDLE_IDENTIFIER = com.piyushh.Todo;
				PRODUCT_NAME = Todo;
				SDKROOT = macosx;
				SWIFT_VERSION = 5.0;
			};
			name = Debug;
		};
		4DF503F625A321130094BE7A /* Release */ = {
			isa = XCBuildConfiguration;
			buildSettings = {
				ASSETCATALOG_COMPILER_APPICON_NAME = AppIcon;
				ASSETCATALOG_COMPILER_GLOBAL_ACCENT_COLOR_NAME = AccentColor;
				CODE_SIGN_ENTITLEMENTS = macOS/macOS.entitlements;
				CODE_SIGN_STYLE = Automatic;
				COMBINE_HIDPI_IMAGES = YES;
				DEVELOPMENT_TEAM = 3YQZ2TJCPG;
				ENABLE_HARDENED_RUNTIME = YES;
				ENABLE_PREVIEWS = YES;
				INFOPLIST_FILE = macOS/Info.plist;
				LD_RUNPATH_SEARCH_PATHS = (
					"$(inherited)",
					"@executable_path/../Frameworks",
				);
				MACOSX_DEPLOYMENT_TARGET = 11.0;
				PRODUCT_BUNDLE_IDENTIFIER = com.piyushh.Todo;
				PRODUCT_NAME = Todo;
				SDKROOT = macosx;
				SWIFT_VERSION = 5.0;
			};
			name = Release;
		};
/* End XCBuildConfiguration section */

/* Begin XCConfigurationList section */
		4DF503CD25A321100094BE7A /* Build configuration list for PBXProject "Todo" */ = {
			isa = XCConfigurationList;
			buildConfigurations = (
				4DF503EF25A321130094BE7A /* Debug */,
				4DF503F025A321130094BE7A /* Release */,
			);
			defaultConfigurationIsVisible = 0;
			defaultConfigurationName = Release;
		};
		4DF503F125A321130094BE7A /* Build configuration list for PBXNativeTarget "Todo (iOS)" */ = {
			isa = XCConfigurationList;
			buildConfigurations = (
				4DF503F225A321130094BE7A /* Debug */,
				4DF503F325A321130094BE7A /* Release */,
			);
			defaultConfigurationIsVisible = 0;
			defaultConfigurationName = Release;
		};
		4DF503F425A321130094BE7A /* Build configuration list for PBXNativeTarget "Todo (macOS)" */ = {
			isa = XCConfigurationList;
			buildConfigurations = (
				4DF503F525A321130094BE7A /* Debug */,
				4DF503F625A321130094BE7A /* Release */,
			);
			defaultConfigurationIsVisible = 0;
			defaultConfigurationName = Release;
		};
/* End XCConfigurationList section */

/* Begin XCVersionGroup section */
		4DF503CF25A321100094BE7A /* Todo.xcdatamodeld */ = {
			isa = XCVersionGroup;
			children = (
				4DF503D025A321100094BE7A /* Shared.xcdatamodel */,
			);
			currentVersion = 4DF503D025A321100094BE7A /* Shared.xcdatamodel */;
			path = Todo.xcdatamodeld;
			sourceTree = "<group>";
			versionGroupType = wrapper.xcdatamodel;
		};
/* End XCVersionGroup section */
	};
	rootObject = 4DF503CA25A321100094BE7A /* Project object */;
}
